uuid: d910047e-345a-4a13-9184-eddf84a9231f
langcode: en
status: true
dependencies:
  content:
    - 'block_content:author_block:d9123f53-f6c0-4c41-8a31-bd87f681541b'
  module:
    - block_content
  theme:
    - drupalastic
id: authorblock
theme: drupalastic
region: content
weight: -14
provider: null
plugin: 'block_content:d9123f53-f6c0-4c41-8a31-bd87f681541b'
settings:
  id: 'block_content:d9123f53-f6c0-4c41-8a31-bd87f681541b'
  label: 'Author Block'
  provider: block_content
  label_display: '0'
  status: true
  info: ''
  view_mode: full
visibility: {  }
